// !$*UTF8*$!
{
	archiveVersion = 1;
	classes = {
	};
	objectVersion = 46;
	objects = {

/* Begin PBXBuildFile section */
		0C4DEDCC15A729D000F92990 /* teakettle.wav in Resources */ = {isa = PBXBuildFile; fileRef = 0C4DEDCB15A729D000F92990 /* teakettle.wav */; };
		0CB9E0AB15A6F5D60076F8C7 /* UIKit.framework in Frameworks */ = {isa = PBXBuildFile; fileRef = 0CB9E0AA15A6F5D60076F8C7 /* UIKit.framework */; };
		0CB9E0AD15A6F5D60076F8C7 /* Foundation.framework in Frameworks */ = {isa = PBXBuildFile; fileRef = 0CB9E0AC15A6F5D60076F8C7 /* Foundation.framework */; };
		0CB9E0AF15A6F5D60076F8C7 /* CoreGraphics.framework in Frameworks */ = {isa = PBXBuildFile; fileRef = 0CB9E0AE15A6F5D60076F8C7 /* CoreGraphics.framework */; };
		0CB9E0B515A6F5D60076F8C7 /* InfoPlist.strings in Resources */ = {isa = PBXBuildFile; fileRef = 0CB9E0B315A6F5D60076F8C7 /* InfoPlist.strings */; };
		0CB9E0B715A6F5D60076F8C7 /* main.m in Sources */ = {isa = PBXBuildFile; fileRef = 0CB9E0B615A6F5D60076F8C7 /* main.m */; };
		0CB9E0BB15A6F5D60076F8C7 /* AppDelegate.m in Sources */ = {isa = PBXBuildFile; fileRef = 0CB9E0BA15A6F5D60076F8C7 /* AppDelegate.m */; };
		0CB9E0BE15A6F5D60076F8C7 /* MainViewController.m in Sources */ = {isa = PBXBuildFile; fileRef = 0CB9E0BD15A6F5D60076F8C7 /* MainViewController.m */; };
		0CB9E0C115A6F5D60076F8C7 /* FlipsideViewController.m in Sources */ = {isa = PBXBuildFile; fileRef = 0CB9E0C015A6F5D60076F8C7 /* FlipsideViewController.m */; };
		0CB9E0C415A6F5D60076F8C7 /* MainViewController_iPhone.xib in Resources */ = {isa = PBXBuildFile; fileRef = 0CB9E0C215A6F5D60076F8C7 /* MainViewController_iPhone.xib */; };
		0CB9E0C715A6F5D60076F8C7 /* MainViewController_iPad.xib in Resources */ = {isa = PBXBuildFile; fileRef = 0CB9E0C515A6F5D60076F8C7 /* MainViewController_iPad.xib */; };
		0CB9E0CA15A6F5D60076F8C7 /* FlipsideViewController.xib in Resources */ = {isa = PBXBuildFile; fileRef = 0CB9E0C815A6F5D60076F8C7 /* FlipsideViewController.xib */; };
		0CB9E0D615A6F8500076F8C7 /* GridMonitor.m in Sources */ = {isa = PBXBuildFile; fileRef = 0CB9E0D515A6F8500076F8C7 /* GridMonitor.m */; };
		0CB9E0D915A702F60076F8C7 /* CoreLocation.framework in Frameworks */ = {isa = PBXBuildFile; fileRef = 0CB9E0D815A702F60076F8C7 /* CoreLocation.framework */; };
		962A5F8E15AC936E00BC3574 /* button-banner-active.png in Resources */ = {isa = PBXBuildFile; fileRef = 962A5F8A15AC936E00BC3574 /* button-banner-active.png */; };
		962A5F8F15AC936E00BC3574 /* button-banner-active@2x.png in Resources */ = {isa = PBXBuildFile; fileRef = 962A5F8B15AC936E00BC3574 /* button-banner-active@2x.png */; };
		962A5F9015AC936E00BC3574 /* button-banner-passive.png in Resources */ = {isa = PBXBuildFile; fileRef = 962A5F8C15AC936E00BC3574 /* button-banner-passive.png */; };
		962A5F9115AC936E00BC3574 /* button-banner-passive@2x.png in Resources */ = {isa = PBXBuildFile; fileRef = 962A5F8D15AC936E00BC3574 /* button-banner-passive@2x.png */; };
		968F284B15A9C2F400D0B5C1 /* iphone-landscape-1.png in Resources */ = {isa = PBXBuildFile; fileRef = 968F283715A9C2F400D0B5C1 /* iphone-landscape-1.png */; };
		968F284C15A9C2F400D0B5C1 /* iphone-landscape-1@2x.png in Resources */ = {isa = PBXBuildFile; fileRef = 968F283815A9C2F400D0B5C1 /* iphone-landscape-1@2x.png */; };
		968F284D15A9C2F400D0B5C1 /* iphone-landscape-2.png in Resources */ = {isa = PBXBuildFile; fileRef = 968F283915A9C2F400D0B5C1 /* iphone-landscape-2.png */; };
		968F284E15A9C2F400D0B5C1 /* iphone-landscape-2@2x.png in Resources */ = {isa = PBXBuildFile; fileRef = 968F283A15A9C2F400D0B5C1 /* iphone-landscape-2@2x.png */; };
		968F284F15A9C2F400D0B5C1 /* iphone-landscape-3.png in Resources */ = {isa = PBXBuildFile; fileRef = 968F283B15A9C2F400D0B5C1 /* iphone-landscape-3.png */; };
		968F285015A9C2F400D0B5C1 /* iphone-landscape-3@2x.png in Resources */ = {isa = PBXBuildFile; fileRef = 968F283C15A9C2F400D0B5C1 /* iphone-landscape-3@2x.png */; };
		968F285115A9C2F400D0B5C1 /* iphone-landscape-4.png in Resources */ = {isa = PBXBuildFile; fileRef = 968F283D15A9C2F400D0B5C1 /* iphone-landscape-4.png */; };
		968F285215A9C2F400D0B5C1 /* iphone-landscape-4@2x.png in Resources */ = {isa = PBXBuildFile; fileRef = 968F283E15A9C2F400D0B5C1 /* iphone-landscape-4@2x.png */; };
		968F285315A9C2F400D0B5C1 /* iphone-landscape-off.png in Resources */ = {isa = PBXBuildFile; fileRef = 968F283F15A9C2F400D0B5C1 /* iphone-landscape-off.png */; };
		968F285415A9C2F400D0B5C1 /* iphone-landscape-off@2x.png in Resources */ = {isa = PBXBuildFile; fileRef = 968F284015A9C2F400D0B5C1 /* iphone-landscape-off@2x.png */; };
		968F285515A9C2F400D0B5C1 /* iphone-portrait-1.png in Resources */ = {isa = PBXBuildFile; fileRef = 968F284115A9C2F400D0B5C1 /* iphone-portrait-1.png */; };
		968F285615A9C2F400D0B5C1 /* iphone-portrait-1@2x.png in Resources */ = {isa = PBXBuildFile; fileRef = 968F284215A9C2F400D0B5C1 /* iphone-portrait-1@2x.png */; };
		968F285715A9C2F400D0B5C1 /* iphone-portrait-2.png in Resources */ = {isa = PBXBuildFile; fileRef = 968F284315A9C2F400D0B5C1 /* iphone-portrait-2.png */; };
		968F285815A9C2F400D0B5C1 /* iphone-portrait-2@2x.png in Resources */ = {isa = PBXBuildFile; fileRef = 968F284415A9C2F400D0B5C1 /* iphone-portrait-2@2x.png */; };
		968F285915A9C2F400D0B5C1 /* iphone-portrait-3.png in Resources */ = {isa = PBXBuildFile; fileRef = 968F284515A9C2F400D0B5C1 /* iphone-portrait-3.png */; };
		968F285A15A9C2F400D0B5C1 /* iphone-portrait-3@2x.png in Resources */ = {isa = PBXBuildFile; fileRef = 968F284615A9C2F400D0B5C1 /* iphone-portrait-3@2x.png */; };
		968F285B15A9C2F400D0B5C1 /* iphone-portrait-4.png in Resources */ = {isa = PBXBuildFile; fileRef = 968F284715A9C2F400D0B5C1 /* iphone-portrait-4.png */; };
		968F285C15A9C2F400D0B5C1 /* iphone-portrait-4@2x.png in Resources */ = {isa = PBXBuildFile; fileRef = 968F284815A9C2F400D0B5C1 /* iphone-portrait-4@2x.png */; };
		968F285D15A9C2F400D0B5C1 /* iphone-portrait-off.png in Resources */ = {isa = PBXBuildFile; fileRef = 968F284915A9C2F400D0B5C1 /* iphone-portrait-off.png */; };
		968F285E15A9C2F400D0B5C1 /* iphone-portrait-off@2x.png in Resources */ = {isa = PBXBuildFile; fileRef = 968F284A15A9C2F400D0B5C1 /* iphone-portrait-off@2x.png */; };
		96EEFD9915A9C95A008FE3A3 /* icon.png in Resources */ = {isa = PBXBuildFile; fileRef = 96EEFD9715A9C95A008FE3A3 /* icon.png */; };
		96EEFD9A15A9C95A008FE3A3 /* icon@2x.png in Resources */ = {isa = PBXBuildFile; fileRef = 96EEFD9815A9C95A008FE3A3 /* icon@2x.png */; };
		96F1A5B615AC4384002486C1 /* ipad-landscape-1.png in Resources */ = {isa = PBXBuildFile; fileRef = 96F1A5A215AC4384002486C1 /* ipad-landscape-1.png */; };
		96F1A5B715AC4384002486C1 /* ipad-landscape-1@2x.png in Resources */ = {isa = PBXBuildFile; fileRef = 96F1A5A315AC4384002486C1 /* ipad-landscape-1@2x.png */; };
		96F1A5B815AC4384002486C1 /* ipad-landscape-2.png in Resources */ = {isa = PBXBuildFile; fileRef = 96F1A5A415AC4384002486C1 /* ipad-landscape-2.png */; };
		96F1A5B915AC4384002486C1 /* ipad-landscape-2@2x.png in Resources */ = {isa = PBXBuildFile; fileRef = 96F1A5A515AC4384002486C1 /* ipad-landscape-2@2x.png */; };
		96F1A5BA15AC4384002486C1 /* ipad-landscape-3.png in Resources */ = {isa = PBXBuildFile; fileRef = 96F1A5A615AC4384002486C1 /* ipad-landscape-3.png */; };
		96F1A5BB15AC4384002486C1 /* ipad-landscape-3@2x.png in Resources */ = {isa = PBXBuildFile; fileRef = 96F1A5A715AC4384002486C1 /* ipad-landscape-3@2x.png */; };
		96F1A5BC15AC4384002486C1 /* ipad-landscape-4.png in Resources */ = {isa = PBXBuildFile; fileRef = 96F1A5A815AC4384002486C1 /* ipad-landscape-4.png */; };
		96F1A5BD15AC4384002486C1 /* ipad-landscape-4@2x.png in Resources */ = {isa = PBXBuildFile; fileRef = 96F1A5A915AC4384002486C1 /* ipad-landscape-4@2x.png */; };
		96F1A5BE15AC4384002486C1 /* ipad-landscape-off.png in Resources */ = {isa = PBXBuildFile; fileRef = 96F1A5AA15AC4384002486C1 /* ipad-landscape-off.png */; };
		96F1A5BF15AC4384002486C1 /* ipad-landscape-off@2x.png in Resources */ = {isa = PBXBuildFile; fileRef = 96F1A5AB15AC4384002486C1 /* ipad-landscape-off@2x.png */; };
		96F1A5C015AC4384002486C1 /* ipad-portrait-1.png in Resources */ = {isa = PBXBuildFile; fileRef = 96F1A5AC15AC4384002486C1 /* ipad-portrait-1.png */; };
		96F1A5C115AC4384002486C1 /* ipad-portrait-1@2x.png in Resources */ = {isa = PBXBuildFile; fileRef = 96F1A5AD15AC4384002486C1 /* ipad-portrait-1@2x.png */; };
		96F1A5C215AC4384002486C1 /* ipad-portrait-2.png in Resources */ = {isa = PBXBuildFile; fileRef = 96F1A5AE15AC4384002486C1 /* ipad-portrait-2.png */; };
		96F1A5C315AC4384002486C1 /* ipad-portrait-2@2x.png in Resources */ = {isa = PBXBuildFile; fileRef = 96F1A5AF15AC4384002486C1 /* ipad-portrait-2@2x.png */; };
		96F1A5C415AC4384002486C1 /* ipad-portrait-3.png in Resources */ = {isa = PBXBuildFile; fileRef = 96F1A5B015AC4384002486C1 /* ipad-portrait-3.png */; };
		96F1A5C515AC4384002486C1 /* ipad-portrait-3@2x.png in Resources */ = {isa = PBXBuildFile; fileRef = 96F1A5B115AC4384002486C1 /* ipad-portrait-3@2x.png */; };
		96F1A5C615AC4384002486C1 /* ipad-portrait-4.png in Resources */ = {isa = PBXBuildFile; fileRef = 96F1A5B215AC4384002486C1 /* ipad-portrait-4.png */; };
		96F1A5C715AC4384002486C1 /* ipad-portrait-4@2x.png in Resources */ = {isa = PBXBuildFile; fileRef = 96F1A5B315AC4384002486C1 /* ipad-portrait-4@2x.png */; };
		96F1A5C815AC4384002486C1 /* ipad-portrait-off.png in Resources */ = {isa = PBXBuildFile; fileRef = 96F1A5B415AC4384002486C1 /* ipad-portrait-off.png */; };
		96F1A5C915AC4384002486C1 /* ipad-portrait-off@2x.png in Resources */ = {isa = PBXBuildFile; fileRef = 96F1A5B515AC4384002486C1 /* ipad-portrait-off@2x.png */; };
/* End PBXBuildFile section */

/* Begin PBXFileReference section */
		0C4DEDCB15A729D000F92990 /* teakettle.wav */ = {isa = PBXFileReference; lastKnownFileType = audio.wav; path = teakettle.wav; sourceTree = "<group>"; };
		0CB9E0A615A6F5D60076F8C7 /* kettle.app */ = {isa = PBXFileReference; explicitFileType = wrapper.application; includeInIndex = 0; path = kettle.app; sourceTree = BUILT_PRODUCTS_DIR; };
		0CB9E0AA15A6F5D60076F8C7 /* UIKit.framework */ = {isa = PBXFileReference; lastKnownFileType = wrapper.framework; name = UIKit.framework; path = System/Library/Frameworks/UIKit.framework; sourceTree = SDKROOT; };
		0CB9E0AC15A6F5D60076F8C7 /* Foundation.framework */ = {isa = PBXFileReference; lastKnownFileType = wrapper.framework; name = Foundation.framework; path = System/Library/Frameworks/Foundation.framework; sourceTree = SDKROOT; };
		0CB9E0AE15A6F5D60076F8C7 /* CoreGraphics.framework */ = {isa = PBXFileReference; lastKnownFileType = wrapper.framework; name = CoreGraphics.framework; path = System/Library/Frameworks/CoreGraphics.framework; sourceTree = SDKROOT; };
		0CB9E0B215A6F5D60076F8C7 /* kettle-Info.plist */ = {isa = PBXFileReference; lastKnownFileType = text.plist.xml; path = "kettle-Info.plist"; sourceTree = "<group>"; };
		0CB9E0B415A6F5D60076F8C7 /* en */ = {isa = PBXFileReference; lastKnownFileType = text.plist.strings; name = en; path = en.lproj/InfoPlist.strings; sourceTree = "<group>"; };
		0CB9E0B615A6F5D60076F8C7 /* main.m */ = {isa = PBXFileReference; lastKnownFileType = sourcecode.c.objc; path = main.m; sourceTree = "<group>"; };
		0CB9E0B815A6F5D60076F8C7 /* kettle-Prefix.pch */ = {isa = PBXFileReference; lastKnownFileType = sourcecode.c.h; path = "kettle-Prefix.pch"; sourceTree = "<group>"; };
		0CB9E0B915A6F5D60076F8C7 /* AppDelegate.h */ = {isa = PBXFileReference; lastKnownFileType = sourcecode.c.h; path = AppDelegate.h; sourceTree = "<group>"; };
		0CB9E0BA15A6F5D60076F8C7 /* AppDelegate.m */ = {isa = PBXFileReference; lastKnownFileType = sourcecode.c.objc; path = AppDelegate.m; sourceTree = "<group>"; };
		0CB9E0BC15A6F5D60076F8C7 /* MainViewController.h */ = {isa = PBXFileReference; lastKnownFileType = sourcecode.c.h; path = MainViewController.h; sourceTree = "<group>"; };
		0CB9E0BD15A6F5D60076F8C7 /* MainViewController.m */ = {isa = PBXFileReference; lastKnownFileType = sourcecode.c.objc; path = MainViewController.m; sourceTree = "<group>"; };
		0CB9E0BF15A6F5D60076F8C7 /* FlipsideViewController.h */ = {isa = PBXFileReference; lastKnownFileType = sourcecode.c.h; path = FlipsideViewController.h; sourceTree = "<group>"; };
		0CB9E0C015A6F5D60076F8C7 /* FlipsideViewController.m */ = {isa = PBXFileReference; lastKnownFileType = sourcecode.c.objc; path = FlipsideViewController.m; sourceTree = "<group>"; };
		0CB9E0C315A6F5D60076F8C7 /* en */ = {isa = PBXFileReference; lastKnownFileType = file.xib; name = en; path = en.lproj/MainViewController_iPhone.xib; sourceTree = "<group>"; };
		0CB9E0C615A6F5D60076F8C7 /* en */ = {isa = PBXFileReference; lastKnownFileType = file.xib; name = en; path = en.lproj/MainViewController_iPad.xib; sourceTree = "<group>"; };
		0CB9E0C915A6F5D60076F8C7 /* en */ = {isa = PBXFileReference; lastKnownFileType = file.xib; name = en; path = en.lproj/FlipsideViewController.xib; sourceTree = "<group>"; };
		0CB9E0D415A6F8500076F8C7 /* GridMonitor.h */ = {isa = PBXFileReference; fileEncoding = 4; lastKnownFileType = sourcecode.c.h; path = GridMonitor.h; sourceTree = "<group>"; };
		0CB9E0D515A6F8500076F8C7 /* GridMonitor.m */ = {isa = PBXFileReference; fileEncoding = 4; lastKnownFileType = sourcecode.c.objc; path = GridMonitor.m; sourceTree = "<group>"; };
		0CB9E0D815A702F60076F8C7 /* CoreLocation.framework */ = {isa = PBXFileReference; lastKnownFileType = wrapper.framework; name = CoreLocation.framework; path = System/Library/Frameworks/CoreLocation.framework; sourceTree = SDKROOT; };
		0CC9D51D15A72A3C007C712B /* audio-source.txt */ = {isa = PBXFileReference; lastKnownFileType = text; path = "audio-source.txt"; sourceTree = "<group>"; };
		962A5F8A15AC936E00BC3574 /* button-banner-active.png */ = {isa = PBXFileReference; lastKnownFileType = image.png; path = "button-banner-active.png"; sourceTree = "<group>"; };
		962A5F8B15AC936E00BC3574 /* button-banner-active@2x.png */ = {isa = PBXFileReference; lastKnownFileType = image.png; path = "button-banner-active@2x.png"; sourceTree = "<group>"; };
		962A5F8C15AC936E00BC3574 /* button-banner-passive.png */ = {isa = PBXFileReference; lastKnownFileType = image.png; path = "button-banner-passive.png"; sourceTree = "<group>"; };
		962A5F8D15AC936E00BC3574 /* button-banner-passive@2x.png */ = {isa = PBXFileReference; lastKnownFileType = image.png; path = "button-banner-passive@2x.png"; sourceTree = "<group>"; };
		968F283715A9C2F400D0B5C1 /* iphone-landscape-1.png */ = {isa = PBXFileReference; lastKnownFileType = image.png; path = "iphone-landscape-1.png"; sourceTree = "<group>"; };
		968F283815A9C2F400D0B5C1 /* iphone-landscape-1@2x.png */ = {isa = PBXFileReference; lastKnownFileType = image.png; path = "iphone-landscape-1@2x.png"; sourceTree = "<group>"; };
		968F283915A9C2F400D0B5C1 /* iphone-landscape-2.png */ = {isa = PBXFileReference; lastKnownFileType = image.png; path = "iphone-landscape-2.png"; sourceTree = "<group>"; };
		968F283A15A9C2F400D0B5C1 /* iphone-landscape-2@2x.png */ = {isa = PBXFileReference; lastKnownFileType = image.png; path = "iphone-landscape-2@2x.png"; sourceTree = "<group>"; };
		968F283B15A9C2F400D0B5C1 /* iphone-landscape-3.png */ = {isa = PBXFileReference; lastKnownFileType = image.png; path = "iphone-landscape-3.png"; sourceTree = "<group>"; };
		968F283C15A9C2F400D0B5C1 /* iphone-landscape-3@2x.png */ = {isa = PBXFileReference; lastKnownFileType = image.png; path = "iphone-landscape-3@2x.png"; sourceTree = "<group>"; };
		968F283D15A9C2F400D0B5C1 /* iphone-landscape-4.png */ = {isa = PBXFileReference; lastKnownFileType = image.png; path = "iphone-landscape-4.png"; sourceTree = "<group>"; };
		968F283E15A9C2F400D0B5C1 /* iphone-landscape-4@2x.png */ = {isa = PBXFileReference; lastKnownFileType = image.png; path = "iphone-landscape-4@2x.png"; sourceTree = "<group>"; };
		968F283F15A9C2F400D0B5C1 /* iphone-landscape-off.png */ = {isa = PBXFileReference; lastKnownFileType = image.png; path = "iphone-landscape-off.png"; sourceTree = "<group>"; };
		968F284015A9C2F400D0B5C1 /* iphone-landscape-off@2x.png */ = {isa = PBXFileReference; lastKnownFileType = image.png; path = "iphone-landscape-off@2x.png"; sourceTree = "<group>"; };
		968F284115A9C2F400D0B5C1 /* iphone-portrait-1.png */ = {isa = PBXFileReference; lastKnownFileType = image.png; path = "iphone-portrait-1.png"; sourceTree = "<group>"; };
		968F284215A9C2F400D0B5C1 /* iphone-portrait-1@2x.png */ = {isa = PBXFileReference; lastKnownFileType = image.png; path = "iphone-portrait-1@2x.png"; sourceTree = "<group>"; };
		968F284315A9C2F400D0B5C1 /* iphone-portrait-2.png */ = {isa = PBXFileReference; lastKnownFileType = image.png; path = "iphone-portrait-2.png"; sourceTree = "<group>"; };
		968F284415A9C2F400D0B5C1 /* iphone-portrait-2@2x.png */ = {isa = PBXFileReference; lastKnownFileType = image.png; path = "iphone-portrait-2@2x.png"; sourceTree = "<group>"; };
		968F284515A9C2F400D0B5C1 /* iphone-portrait-3.png */ = {isa = PBXFileReference; lastKnownFileType = image.png; path = "iphone-portrait-3.png"; sourceTree = "<group>"; };
		968F284615A9C2F400D0B5C1 /* iphone-portrait-3@2x.png */ = {isa = PBXFileReference; lastKnownFileType = image.png; path = "iphone-portrait-3@2x.png"; sourceTree = "<group>"; };
		968F284715A9C2F400D0B5C1 /* iphone-portrait-4.png */ = {isa = PBXFileReference; lastKnownFileType = image.png; path = "iphone-portrait-4.png"; sourceTree = "<group>"; };
		968F284815A9C2F400D0B5C1 /* iphone-portrait-4@2x.png */ = {isa = PBXFileReference; lastKnownFileType = image.png; path = "iphone-portrait-4@2x.png"; sourceTree = "<group>"; };
		968F284915A9C2F400D0B5C1 /* iphone-portrait-off.png */ = {isa = PBXFileReference; lastKnownFileType = image.png; path = "iphone-portrait-off.png"; sourceTree = "<group>"; };
		968F284A15A9C2F400D0B5C1 /* iphone-portrait-off@2x.png */ = {isa = PBXFileReference; lastKnownFileType = image.png; path = "iphone-portrait-off@2x.png"; sourceTree = "<group>"; };
		96EEFD9715A9C95A008FE3A3 /* icon.png */ = {isa = PBXFileReference; lastKnownFileType = image.png; path = icon.png; sourceTree = "<group>"; };
		96EEFD9815A9C95A008FE3A3 /* icon@2x.png */ = {isa = PBXFileReference; lastKnownFileType = image.png; path = "icon@2x.png"; sourceTree = "<group>"; };
		96F1A5A215AC4384002486C1 /* ipad-landscape-1.png */ = {isa = PBXFileReference; lastKnownFileType = image.png; path = "ipad-landscape-1.png"; sourceTree = "<group>"; };
		96F1A5A315AC4384002486C1 /* ipad-landscape-1@2x.png */ = {isa = PBXFileReference; lastKnownFileType = image.png; path = "ipad-landscape-1@2x.png"; sourceTree = "<group>"; };
		96F1A5A415AC4384002486C1 /* ipad-landscape-2.png */ = {isa = PBXFileReference; lastKnownFileType = image.png; path = "ipad-landscape-2.png"; sourceTree = "<group>"; };
		96F1A5A515AC4384002486C1 /* ipad-landscape-2@2x.png */ = {isa = PBXFileReference; lastKnownFileType = image.png; path = "ipad-landscape-2@2x.png"; sourceTree = "<group>"; };
		96F1A5A615AC4384002486C1 /* ipad-landscape-3.png */ = {isa = PBXFileReference; lastKnownFileType = image.png; path = "ipad-landscape-3.png"; sourceTree = "<group>"; };
		96F1A5A715AC4384002486C1 /* ipad-landscape-3@2x.png */ = {isa = PBXFileReference; lastKnownFileType = image.png; path = "ipad-landscape-3@2x.png"; sourceTree = "<group>"; };
		96F1A5A815AC4384002486C1 /* ipad-landscape-4.png */ = {isa = PBXFileReference; lastKnownFileType = image.png; path = "ipad-landscape-4.png"; sourceTree = "<group>"; };
		96F1A5A915AC4384002486C1 /* ipad-landscape-4@2x.png */ = {isa = PBXFileReference; lastKnownFileType = image.png; path = "ipad-landscape-4@2x.png"; sourceTree = "<group>"; };
		96F1A5AA15AC4384002486C1 /* ipad-landscape-off.png */ = {isa = PBXFileReference; lastKnownFileType = image.png; path = "ipad-landscape-off.png"; sourceTree = "<group>"; };
		96F1A5AB15AC4384002486C1 /* ipad-landscape-off@2x.png */ = {isa = PBXFileReference; lastKnownFileType = image.png; path = "ipad-landscape-off@2x.png"; sourceTree = "<group>"; };
		96F1A5AC15AC4384002486C1 /* ipad-portrait-1.png */ = {isa = PBXFileReference; lastKnownFileType = image.png; path = "ipad-portrait-1.png"; sourceTree = "<group>"; };
		96F1A5AD15AC4384002486C1 /* ipad-portrait-1@2x.png */ = {isa = PBXFileReference; lastKnownFileType = image.png; path = "ipad-portrait-1@2x.png"; sourceTree = "<group>"; };
		96F1A5AE15AC4384002486C1 /* ipad-portrait-2.png */ = {isa = PBXFileReference; lastKnownFileType = image.png; path = "ipad-portrait-2.png"; sourceTree = "<group>"; };
		96F1A5AF15AC4384002486C1 /* ipad-portrait-2@2x.png */ = {isa = PBXFileReference; lastKnownFileType = image.png; path = "ipad-portrait-2@2x.png"; sourceTree = "<group>"; };
		96F1A5B015AC4384002486C1 /* ipad-portrait-3.png */ = {isa = PBXFileReference; lastKnownFileType = image.png; path = "ipad-portrait-3.png"; sourceTree = "<group>"; };
		96F1A5B115AC4384002486C1 /* ipad-portrait-3@2x.png */ = {isa = PBXFileReference; lastKnownFileType = image.png; path = "ipad-portrait-3@2x.png"; sourceTree = "<group>"; };
		96F1A5B215AC4384002486C1 /* ipad-portrait-4.png */ = {isa = PBXFileReference; lastKnownFileType = image.png; path = "ipad-portrait-4.png"; sourceTree = "<group>"; };
		96F1A5B315AC4384002486C1 /* ipad-portrait-4@2x.png */ = {isa = PBXFileReference; lastKnownFileType = image.png; path = "ipad-portrait-4@2x.png"; sourceTree = "<group>"; };
		96F1A5B415AC4384002486C1 /* ipad-portrait-off.png */ = {isa = PBXFileReference; lastKnownFileType = image.png; path = "ipad-portrait-off.png"; sourceTree = "<group>"; };
		96F1A5B515AC4384002486C1 /* ipad-portrait-off@2x.png */ = {isa = PBXFileReference; lastKnownFileType = image.png; path = "ipad-portrait-off@2x.png"; sourceTree = "<group>"; };
/* End PBXFileReference section */

/* Begin PBXFrameworksBuildPhase section */
		0CB9E0A315A6F5D60076F8C7 /* Frameworks */ = {
			isa = PBXFrameworksBuildPhase;
			buildActionMask = 2147483647;
			files = (
				0CB9E0D915A702F60076F8C7 /* CoreLocation.framework in Frameworks */,
				0CB9E0AB15A6F5D60076F8C7 /* UIKit.framework in Frameworks */,
				0CB9E0AD15A6F5D60076F8C7 /* Foundation.framework in Frameworks */,
				0CB9E0AF15A6F5D60076F8C7 /* CoreGraphics.framework in Frameworks */,
			);
			runOnlyForDeploymentPostprocessing = 0;
		};
/* End PBXFrameworksBuildPhase section */

/* Begin PBXGroup section */
		0CB9E09B15A6F5D60076F8C7 = {
			isa = PBXGroup;
			children = (
				0CB9E0B015A6F5D60076F8C7 /* kettle */,
				0CB9E0A915A6F5D60076F8C7 /* Frameworks */,
				0CB9E0A715A6F5D60076F8C7 /* Products */,
			);
			sourceTree = "<group>";
		};
		0CB9E0A715A6F5D60076F8C7 /* Products */ = {
			isa = PBXGroup;
			children = (
				0CB9E0A615A6F5D60076F8C7 /* kettle.app */,
			);
			name = Products;
			sourceTree = "<group>";
		};
		0CB9E0A915A6F5D60076F8C7 /* Frameworks */ = {
			isa = PBXGroup;
			children = (
				0CB9E0D815A702F60076F8C7 /* CoreLocation.framework */,
				0CB9E0AA15A6F5D60076F8C7 /* UIKit.framework */,
				0CB9E0AC15A6F5D60076F8C7 /* Foundation.framework */,
				0CB9E0AE15A6F5D60076F8C7 /* CoreGraphics.framework */,
			);
			name = Frameworks;
			sourceTree = "<group>";
		};
		0CB9E0B015A6F5D60076F8C7 /* kettle */ = {
			isa = PBXGroup;
			children = (
				0CB9E0B915A6F5D60076F8C7 /* AppDelegate.h */,
				0CB9E0BA15A6F5D60076F8C7 /* AppDelegate.m */,
				0CB9E0BC15A6F5D60076F8C7 /* MainViewController.h */,
				0CB9E0BD15A6F5D60076F8C7 /* MainViewController.m */,
				0CB9E0BF15A6F5D60076F8C7 /* FlipsideViewController.h */,
				0CB9E0C015A6F5D60076F8C7 /* FlipsideViewController.m */,
				0CB9E0C215A6F5D60076F8C7 /* MainViewController_iPhone.xib */,
				0CB9E0C515A6F5D60076F8C7 /* MainViewController_iPad.xib */,
				0CB9E0C815A6F5D60076F8C7 /* FlipsideViewController.xib */,
				0CB9E0B115A6F5D60076F8C7 /* Supporting Files */,
				0CB9E0D415A6F8500076F8C7 /* GridMonitor.h */,
				0CB9E0D515A6F8500076F8C7 /* GridMonitor.m */,
			);
			path = kettle;
			sourceTree = "<group>";
		};
		0CB9E0B115A6F5D60076F8C7 /* Supporting Files */ = {
			isa = PBXGroup;
			children = (
				962A5F9215AC937400BC3574 /* Button */,
				96EEFD9715A9C95A008FE3A3 /* icon.png */,
				96EEFD9815A9C95A008FE3A3 /* icon@2x.png */,
				96F1A5A115AC4384002486C1 /* ipad graphics */,
				968F283615A9C2F400D0B5C1 /* iphone graphics */,
				0CC9D51D15A72A3C007C712B /* audio-source.txt */,
				0C4DEDCB15A729D000F92990 /* teakettle.wav */,
				0CB9E0B215A6F5D60076F8C7 /* kettle-Info.plist */,
				0CB9E0B315A6F5D60076F8C7 /* InfoPlist.strings */,
				0CB9E0B615A6F5D60076F8C7 /* main.m */,
				0CB9E0B815A6F5D60076F8C7 /* kettle-Prefix.pch */,
			);
			name = "Supporting Files";
			sourceTree = "<group>";
		};
		962A5F9215AC937400BC3574 /* Button */ = {
			isa = PBXGroup;
			children = (
				962A5F8A15AC936E00BC3574 /* button-banner-active.png */,
				962A5F8B15AC936E00BC3574 /* button-banner-active@2x.png */,
				962A5F8C15AC936E00BC3574 /* button-banner-passive.png */,
				962A5F8D15AC936E00BC3574 /* button-banner-passive@2x.png */,
			);
			name = Button;
			sourceTree = "<group>";
		};
		968F283615A9C2F400D0B5C1 /* iphone graphics */ = {
			isa = PBXGroup;
			children = (
				968F283715A9C2F400D0B5C1 /* iphone-landscape-1.png */,
				968F283815A9C2F400D0B5C1 /* iphone-landscape-1@2x.png */,
				968F283915A9C2F400D0B5C1 /* iphone-landscape-2.png */,
				968F283A15A9C2F400D0B5C1 /* iphone-landscape-2@2x.png */,
				968F283B15A9C2F400D0B5C1 /* iphone-landscape-3.png */,
				968F283C15A9C2F400D0B5C1 /* iphone-landscape-3@2x.png */,
				968F283D15A9C2F400D0B5C1 /* iphone-landscape-4.png */,
				968F283E15A9C2F400D0B5C1 /* iphone-landscape-4@2x.png */,
				968F283F15A9C2F400D0B5C1 /* iphone-landscape-off.png */,
				968F284015A9C2F400D0B5C1 /* iphone-landscape-off@2x.png */,
				968F284115A9C2F400D0B5C1 /* iphone-portrait-1.png */,
				968F284215A9C2F400D0B5C1 /* iphone-portrait-1@2x.png */,
				968F284315A9C2F400D0B5C1 /* iphone-portrait-2.png */,
				968F284415A9C2F400D0B5C1 /* iphone-portrait-2@2x.png */,
				968F284515A9C2F400D0B5C1 /* iphone-portrait-3.png */,
				968F284615A9C2F400D0B5C1 /* iphone-portrait-3@2x.png */,
				968F284715A9C2F400D0B5C1 /* iphone-portrait-4.png */,
				968F284815A9C2F400D0B5C1 /* iphone-portrait-4@2x.png */,
				968F284915A9C2F400D0B5C1 /* iphone-portrait-off.png */,
				968F284A15A9C2F400D0B5C1 /* iphone-portrait-off@2x.png */,
			);
			name = "iphone graphics";
			path = iphonegraphics;
			sourceTree = "<group>";
		};
		96F1A5A115AC4384002486C1 /* ipad graphics */ = {
			isa = PBXGroup;
			children = (
				96F1A5A215AC4384002486C1 /* ipad-landscape-1.png */,
				96F1A5A315AC4384002486C1 /* ipad-landscape-1@2x.png */,
				96F1A5A415AC4384002486C1 /* ipad-landscape-2.png */,
				96F1A5A515AC4384002486C1 /* ipad-landscape-2@2x.png */,
				96F1A5A615AC4384002486C1 /* ipad-landscape-3.png */,
				96F1A5A715AC4384002486C1 /* ipad-landscape-3@2x.png */,
				96F1A5A815AC4384002486C1 /* ipad-landscape-4.png */,
				96F1A5A915AC4384002486C1 /* ipad-landscape-4@2x.png */,
				96F1A5AA15AC4384002486C1 /* ipad-landscape-off.png */,
				96F1A5AB15AC4384002486C1 /* ipad-landscape-off@2x.png */,
				96F1A5AC15AC4384002486C1 /* ipad-portrait-1.png */,
				96F1A5AD15AC4384002486C1 /* ipad-portrait-1@2x.png */,
				96F1A5AE15AC4384002486C1 /* ipad-portrait-2.png */,
				96F1A5AF15AC4384002486C1 /* ipad-portrait-2@2x.png */,
				96F1A5B015AC4384002486C1 /* ipad-portrait-3.png */,
				96F1A5B115AC4384002486C1 /* ipad-portrait-3@2x.png */,
				96F1A5B215AC4384002486C1 /* ipad-portrait-4.png */,
				96F1A5B315AC4384002486C1 /* ipad-portrait-4@2x.png */,
				96F1A5B415AC4384002486C1 /* ipad-portrait-off.png */,
				96F1A5B515AC4384002486C1 /* ipad-portrait-off@2x.png */,
			);
			name = "ipad graphics";
			path = ipadgraphics;
			sourceTree = "<group>";
		};
/* End PBXGroup section */

/* Begin PBXNativeTarget section */
		0CB9E0A515A6F5D60076F8C7 /* kettle */ = {
			isa = PBXNativeTarget;
			buildConfigurationList = 0CB9E0CD15A6F5D60076F8C7 /* Build configuration list for PBXNativeTarget "kettle" */;
			buildPhases = (
				0CB9E0A215A6F5D60076F8C7 /* Sources */,
				0CB9E0A315A6F5D60076F8C7 /* Frameworks */,
				0CB9E0A415A6F5D60076F8C7 /* Resources */,
			);
			buildRules = (
			);
			dependencies = (
			);
			name = kettle;
			productName = kettle;
			productReference = 0CB9E0A615A6F5D60076F8C7 /* kettle.app */;
			productType = "com.apple.product-type.application";
		};
/* End PBXNativeTarget section */

/* Begin PBXProject section */
		0CB9E09D15A6F5D60076F8C7 /* Project object */ = {
			isa = PBXProject;
			attributes = {
				LastUpgradeCheck = 0430;
				ORGANIZATIONNAME = Kle.io;
			};
			buildConfigurationList = 0CB9E0A015A6F5D60076F8C7 /* Build configuration list for PBXProject "kettle" */;
			compatibilityVersion = "Xcode 3.2";
			developmentRegion = English;
			hasScannedForEncodings = 0;
			knownRegions = (
				en,
			);
			mainGroup = 0CB9E09B15A6F5D60076F8C7;
			productRefGroup = 0CB9E0A715A6F5D60076F8C7 /* Products */;
			projectDirPath = "";
			projectRoot = "";
			targets = (
				0CB9E0A515A6F5D60076F8C7 /* kettle */,
			);
		};
/* End PBXProject section */

/* Begin PBXResourcesBuildPhase section */
		0CB9E0A415A6F5D60076F8C7 /* Resources */ = {
			isa = PBXResourcesBuildPhase;
			buildActionMask = 2147483647;
			files = (
				0CB9E0B515A6F5D60076F8C7 /* InfoPlist.strings in Resources */,
				0CB9E0C415A6F5D60076F8C7 /* MainViewController_iPhone.xib in Resources */,
				0CB9E0C715A6F5D60076F8C7 /* MainViewController_iPad.xib in Resources */,
				0CB9E0CA15A6F5D60076F8C7 /* FlipsideViewController.xib in Resources */,
				0C4DEDCC15A729D000F92990 /* teakettle.wav in Resources */,
				968F284B15A9C2F400D0B5C1 /* iphone-landscape-1.png in Resources */,
				968F284C15A9C2F400D0B5C1 /* iphone-landscape-1@2x.png in Resources */,
				968F284D15A9C2F400D0B5C1 /* iphone-landscape-2.png in Resources */,
				968F284E15A9C2F400D0B5C1 /* iphone-landscape-2@2x.png in Resources */,
				968F284F15A9C2F400D0B5C1 /* iphone-landscape-3.png in Resources */,
				968F285015A9C2F400D0B5C1 /* iphone-landscape-3@2x.png in Resources */,
				968F285115A9C2F400D0B5C1 /* iphone-landscape-4.png in Resources */,
				968F285215A9C2F400D0B5C1 /* iphone-landscape-4@2x.png in Resources */,
				968F285315A9C2F400D0B5C1 /* iphone-landscape-off.png in Resources */,
				968F285415A9C2F400D0B5C1 /* iphone-landscape-off@2x.png in Resources */,
				968F285515A9C2F400D0B5C1 /* iphone-portrait-1.png in Resources */,
				968F285615A9C2F400D0B5C1 /* iphone-portrait-1@2x.png in Resources */,
				968F285715A9C2F400D0B5C1 /* iphone-portrait-2.png in Resources */,
				968F285815A9C2F400D0B5C1 /* iphone-portrait-2@2x.png in Resources */,
				968F285915A9C2F400D0B5C1 /* iphone-portrait-3.png in Resources */,
				968F285A15A9C2F400D0B5C1 /* iphone-portrait-3@2x.png in Resources */,
				968F285B15A9C2F400D0B5C1 /* iphone-portrait-4.png in Resources */,
				968F285C15A9C2F400D0B5C1 /* iphone-portrait-4@2x.png in Resources */,
				968F285D15A9C2F400D0B5C1 /* iphone-portrait-off.png in Resources */,
				968F285E15A9C2F400D0B5C1 /* iphone-portrait-off@2x.png in Resources */,
				96EEFD9915A9C95A008FE3A3 /* icon.png in Resources */,
				96EEFD9A15A9C95A008FE3A3 /* icon@2x.png in Resources */,
				96F1A5B615AC4384002486C1 /* ipad-landscape-1.png in Resources */,
				96F1A5B715AC4384002486C1 /* ipad-landscape-1@2x.png in Resources */,
				96F1A5B815AC4384002486C1 /* ipad-landscape-2.png in Resources */,
				96F1A5B915AC4384002486C1 /* ipad-landscape-2@2x.png in Resources */,
				96F1A5BA15AC4384002486C1 /* ipad-landscape-3.png in Resources */,
				96F1A5BB15AC4384002486C1 /* ipad-landscape-3@2x.png in Resources */,
				96F1A5BC15AC4384002486C1 /* ipad-landscape-4.png in Resources */,
				96F1A5BD15AC4384002486C1 /* ipad-landscape-4@2x.png in Resources */,
				96F1A5BE15AC4384002486C1 /* ipad-landscape-off.png in Resources */,
				96F1A5BF15AC4384002486C1 /* ipad-landscape-off@2x.png in Resources */,
				96F1A5C015AC4384002486C1 /* ipad-portrait-1.png in Resources */,
				96F1A5C115AC4384002486C1 /* ipad-portrait-1@2x.png in Resources */,
				96F1A5C215AC4384002486C1 /* ipad-portrait-2.png in Resources */,
				96F1A5C315AC4384002486C1 /* ipad-portrait-2@2x.png in Resources */,
				96F1A5C415AC4384002486C1 /* ipad-portrait-3.png in Resources */,
				96F1A5C515AC4384002486C1 /* ipad-portrait-3@2x.png in Resources */,
				96F1A5C615AC4384002486C1 /* ipad-portrait-4.png in Resources */,
				96F1A5C715AC4384002486C1 /* ipad-portrait-4@2x.png in Resources */,
				96F1A5C815AC4384002486C1 /* ipad-portrait-off.png in Resources */,
				96F1A5C915AC4384002486C1 /* ipad-portrait-off@2x.png in Resources */,
				962A5F8E15AC936E00BC3574 /* button-banner-active.png in Resources */,
				962A5F8F15AC936E00BC3574 /* button-banner-active@2x.png in Resources */,
				962A5F9015AC936E00BC3574 /* button-banner-passive.png in Resources */,
				962A5F9115AC936E00BC3574 /* button-banner-passive@2x.png in Resources */,
			);
			runOnlyForDeploymentPostprocessing = 0;
		};
/* End PBXResourcesBuildPhase section */

/* Begin PBXSourcesBuildPhase section */
		0CB9E0A215A6F5D60076F8C7 /* Sources */ = {
			isa = PBXSourcesBuildPhase;
			buildActionMask = 2147483647;
			files = (
				0CB9E0B715A6F5D60076F8C7 /* main.m in Sources */,
				0CB9E0BB15A6F5D60076F8C7 /* AppDelegate.m in Sources */,
				0CB9E0BE15A6F5D60076F8C7 /* MainViewController.m in Sources */,
				0CB9E0C115A6F5D60076F8C7 /* FlipsideViewController.m in Sources */,
				0CB9E0D615A6F8500076F8C7 /* GridMonitor.m in Sources */,
			);
			runOnlyForDeploymentPostprocessing = 0;
		};
/* End PBXSourcesBuildPhase section */

/* Begin PBXVariantGroup section */
		0CB9E0B315A6F5D60076F8C7 /* InfoPlist.strings */ = {
			isa = PBXVariantGroup;
			children = (
				0CB9E0B415A6F5D60076F8C7 /* en */,
			);
			name = InfoPlist.strings;
			sourceTree = "<group>";
		};
		0CB9E0C215A6F5D60076F8C7 /* MainViewController_iPhone.xib */ = {
			isa = PBXVariantGroup;
			children = (
				0CB9E0C315A6F5D60076F8C7 /* en */,
			);
			name = MainViewController_iPhone.xib;
			sourceTree = "<group>";
		};
		0CB9E0C515A6F5D60076F8C7 /* MainViewController_iPad.xib */ = {
			isa = PBXVariantGroup;
			children = (
				0CB9E0C615A6F5D60076F8C7 /* en */,
			);
			name = MainViewController_iPad.xib;
			sourceTree = "<group>";
		};
		0CB9E0C815A6F5D60076F8C7 /* FlipsideViewController.xib */ = {
			isa = PBXVariantGroup;
			children = (
				0CB9E0C915A6F5D60076F8C7 /* en */,
			);
			name = FlipsideViewController.xib;
			sourceTree = "<group>";
		};
/* End PBXVariantGroup section */

/* Begin XCBuildConfiguration section */
		0CB9E0CB15A6F5D60076F8C7 /* Debug */ = {
			isa = XCBuildConfiguration;
			buildSettings = {
				ALWAYS_SEARCH_USER_PATHS = NO;
				ARCHS = "$(ARCHS_STANDARD_32_BIT)";
				CLANG_ENABLE_OBJC_ARC = YES;
				"CODE_SIGN_IDENTITY[sdk=iphoneos*]" = "iPhone Developer";
				COPY_PHASE_STRIP = NO;
				GCC_C_LANGUAGE_STANDARD = gnu99;
				GCC_DYNAMIC_NO_PIC = NO;
				GCC_OPTIMIZATION_LEVEL = 0;
				GCC_PREPROCESSOR_DEFINITIONS = (
					"DEBUG=1",
					"$(inherited)",
				);
				GCC_SYMBOLS_PRIVATE_EXTERN = NO;
				GCC_VERSION = com.apple.compilers.llvm.clang.1_0;
				GCC_WARN_ABOUT_RETURN_TYPE = YES;
				GCC_WARN_UNINITIALIZED_AUTOS = YES;
				GCC_WARN_UNUSED_VARIABLE = YES;
				IPHONEOS_DEPLOYMENT_TARGET = 5.1;
				SDKROOT = iphoneos;
				TARGETED_DEVICE_FAMILY = "1,2";
			};
			name = Debug;
		};
		0CB9E0CC15A6F5D60076F8C7 /* Release */ = {
			isa = XCBuildConfiguration;
			buildSettings = {
				ALWAYS_SEARCH_USER_PATHS = NO;
				ARCHS = "$(ARCHS_STANDARD_32_BIT)";
				CLANG_ENABLE_OBJC_ARC = YES;
				"CODE_SIGN_IDENTITY[sdk=iphoneos*]" = "iPhone Developer";
				COPY_PHASE_STRIP = YES;
				GCC_C_LANGUAGE_STANDARD = gnu99;
				GCC_VERSION = com.apple.compilers.llvm.clang.1_0;
				GCC_WARN_ABOUT_RETURN_TYPE = YES;
				GCC_WARN_UNINITIALIZED_AUTOS = YES;
				GCC_WARN_UNUSED_VARIABLE = YES;
				IPHONEOS_DEPLOYMENT_TARGET = 5.1;
				OTHER_CFLAGS = "-DNS_BLOCK_ASSERTIONS=1";
				SDKROOT = iphoneos;
				TARGETED_DEVICE_FAMILY = "1,2";
				VALIDATE_PRODUCT = YES;
			};
			name = Release;
		};
		0CB9E0CE15A6F5D60076F8C7 /* Debug */ = {
			isa = XCBuildConfiguration;
			buildSettings = {
				CODE_SIGN_IDENTITY = "iPhone Developer";
				"CODE_SIGN_IDENTITY[sdk=iphoneos*]" = "iPhone Developer";
				GCC_PRECOMPILE_PREFIX_HEADER = YES;
				GCC_PREFIX_HEADER = "kettle/kettle-Prefix.pch";
				INFOPLIST_FILE = "kettle/kettle-Info.plist";
				PRODUCT_NAME = "$(TARGET_NAME)";
				PROVISIONING_PROFILE = "";
				"PROVISIONING_PROFILE[sdk=iphoneos*]" = "";
				WRAPPER_EXTENSION = app;
			};
			name = Debug;
		};
		0CB9E0CF15A6F5D60076F8C7 /* Release */ = {
			isa = XCBuildConfiguration;
			buildSettings = {
				CODE_SIGN_IDENTITY = "iPhone Distribution";
				"CODE_SIGN_IDENTITY[sdk=iphoneos*]" = "iPhone Distribution";
				GCC_PRECOMPILE_PREFIX_HEADER = YES;
				GCC_PREFIX_HEADER = "kettle/kettle-Prefix.pch";
				INFOPLIST_FILE = "kettle/kettle-Info.plist";
				PRODUCT_NAME = "$(TARGET_NAME)";
				PROVISIONING_PROFILE = "";
				"PROVISIONING_PROFILE[sdk=iphoneos*]" = "";
				WRAPPER_EXTENSION = app;
			};
			name = Release;
		};
/* End XCBuildConfiguration section */

/* Begin XCConfigurationList section */
		0CB9E0A015A6F5D60076F8C7 /* Build configuration list for PBXProject "kettle" */ = {
			isa = XCConfigurationList;
			buildConfigurations = (
				0CB9E0CB15A6F5D60076F8C7 /* Debug */,
				0CB9E0CC15A6F5D60076F8C7 /* Release */,
			);
			defaultConfigurationIsVisible = 0;
			defaultConfigurationName = Release;
		};
		0CB9E0CD15A6F5D60076F8C7 /* Build configuration list for PBXNativeTarget "kettle" */ = {
			isa = XCConfigurationList;
			buildConfigurations = (
				0CB9E0CE15A6F5D60076F8C7 /* Debug */,
				0CB9E0CF15A6F5D60076F8C7 /* Release */,
			);
			defaultConfigurationIsVisible = 0;
			defaultConfigurationName = Release;
		};
/* End XCConfigurationList section */
	};
	rootObject = 0CB9E09D15A6F5D60076F8C7 /* Project object */;
}
